Microsoft Visual Studio Solution File, Format Version 11.00
# Visual Studio 2008

Project("{351523B8-E6EB-36AE-5115-205886F36F86}") = "test002", "Assembly-CSharp.csproj", "{3BBD6927-C3E7-D103-3212-BC039E105DBB}"
EndProject
Project("{351523B8-E6EB-36AE-5115-205886F36F86}") = "test002", "Assembly-UnityScript.unityproj", "{7B1980F6-1783-EBCF-2348-B9BA13281FE1}"
EndProject
Global
	GlobalSection(SolutionConfigurationPlatforms) = preSolution
		Debug|Any CPU = Debug|Any CPU
		Release|Any CPU = Release|Any CPU
	EndGlobalSection
	GlobalSection(ProjectConfigurationPlatforms) = postSolution
		{3BBD6927-C3E7-D103-3212-BC039E105DBB}.Debug|Any CPU.ActiveCfg = Debug|Any CPU
		{3BBD6927-C3E7-D103-3212-BC039E105DBB}.Debug|Any CPU.Build.0 = Debug|Any CPU
		{3BBD6927-C3E7-D103-3212-BC039E105DBB}.Release|Any CPU.ActiveCfg = Release|Any CPU
		{3BBD6927-C3E7-D103-3212-BC039E105DBB}.Release|Any CPU.Build.0 = Release|Any CPU
		{7B1980F6-1783-EBCF-2348-B9BA13281FE1}.Debug|Any CPU.ActiveCfg = Debug|Any CPU
		{7B1980F6-1783-EBCF-2348-B9BA13281FE1}.Debug|Any CPU.Build.0 = Debug|Any CPU
		{7B1980F6-1783-EBCF-2348-B9BA13281FE1}.Release|Any CPU.ActiveCfg = Release|Any CPU
		{7B1980F6-1783-EBCF-2348-B9BA13281FE1}.Release|Any CPU.Build.0 = Release|Any CPU
	EndGlobalSection
	GlobalSection(SolutionProperties) = preSolution
		HideSolutionNode = FALSE
	EndGlobalSection
	GlobalSection(MonoDevelopProperties) = preSolution
		StartupItem = Assembly-CSharp.csproj
		Policies = $0
		$0.TextStylePolicy = $1
		$1.inheritsSet = null
		$1.scope = text/x-csharp
		$0.CSharpFormattingPolicy = $2
		$2.inheritsSet = Mono
		$2.inheritsScope = text/x-csharp
		$2.scope = text/x-csharp
		$0.TextStylePolicy = $3
		$3.FileWidth = 120
		$3.TabWidth = 4
		$3.IndentWidth = 4
		$3.EolMarker = Unix
		$3.inheritsSet = Mono
		$3.inheritsScope = text/plain
		$3.scope = text/plain
	EndGlobalSection
EndGlobal
